
Microsoft Visual Studio Solution File, Format Version 12.00
# Visual Studio Version 17
VisualStudioVersion = 17.10.35027.167
MinimumVisualStudioVersion = 10.0.40219.1
Project("{FAE04EC0-301F-11D3-BF4B-00C04F79EFBC}") = "HttpTrigger", "HttpTrigger.csproj", "{C194ED31-2254-465B-8CD3-23471FE95978}"
EndProject
Global
	GlobalSection(SolutionConfigurationPlatforms) = preSolution
		Debug|Any CPU = Debug|Any CPU
		Release|Any CPU = Release|Any CPU
	EndGlobalSection
	GlobalSection(ProjectConfigurationPlatforms) = postSolution
		{C194ED31-2254-465B-8CD3-23471FE95978}.Debug|Any CPU.ActiveCfg = Debug|Any CPU
		{C194ED31-2254-465B-8CD3-23471FE95978}.Debug|Any CPU.Build.0 = Debug|Any CPU
		{C194ED31-2254-465B-8CD3-23471FE95978}.Release|Any CPU.ActiveCfg = Release|Any CPU
		{C194ED31-2254-465B-8CD3-23471FE95978}.Release|Any CPU.Build.0 = Release|Any CPU
	EndGlobalSection
	GlobalSection(SolutionProperties) = preSolution
		HideSolutionNode = FALSE
	EndGlobalSection
	GlobalSection(ExtensibilityGlobals) = postSolution
		SolutionGuid = {0C318FD7-98F4-458F-B901-2D4DCB3EEDB8}
	EndGlobalSection
EndGlobal
